<?xml version="1.0" encoding="utf-8"?>
<Project ToolsVersion="4.0" xmlns="http://schemas.microsoft.com/developer/msbuild/2003">
  <ItemGroup>
    <Filter Include="Source Files">
      <UniqueIdentifier>{4FC737F1-C7A5-4376-A066-2A32D752A2FF}</UniqueIdentifier>
      <Extensions>cpp;c;cc;cxx;def;odl;idl;hpj;bat;asm;asmx</Extensions>
    </Filter>
    <Filter Include="Header Files">
      <UniqueIdentifier>{93995380-89BD-4b04-88EB-625FBE52EBFB}</UniqueIdentifier>
      <Extensions>h;hh;hpp;hxx;hm;inl;inc;xsd</Extensions>
    </Filter>
    <Filter Include="Resource Files">
      <UniqueIdentifier>{67DA6AB6-F800-4c08-8B7A-83BB121AAD01}</UniqueIdentifier>
      <Extensions>rc;ico;cur;bmp;dlg;rc2;rct;bin;rgs;gif;jpg;jpeg;jpe;resx;tiff;tif;png;wav;mfcribbon-ms</Extensions>
    </Filter>
    <Filter Include="Objects">
      <UniqueIdentifier>{677738b3-3094-4626-aede-586df8322484}</UniqueIdentifier>
    </Filter>
  </ItemGroup>
  <ItemGroup>
    <ClInclude Include="stdafx.h">
      <Filter>Header Files</Filter>
    </ClInclude>
    <ClInclude Include="targetver.h">
      <Filter>Header Files</Filter>
    </ClInclude>
    <ClInclude Include="models\alexnet.h">
      <Filter>Header Files</Filter>
    </ClInclude>
    <ClInclude Include="models\overfeat-fast.h">
      <Filter>Header Files</Filter>
    </ClInclude>
    <ClInclude Include="models\vgg-a.h">
      <Filter>Header Files</Filter>
    </ClInclude>
    <ClInclude Include="testers\convolution.h">
      <Filter>Header Files</Filter>
    </ClInclude>
    <ClInclude Include="testers\fourier.h">
      <Filter>Header Files</Filter>
    </ClInclude>
    <ClInclude Include="testers\fully-connected.h">
      <Filter>Header Files</Filter>
    </ClInclude>
    <ClInclude Include="testers\gemm-ukernel.h">
      <Filter>Header Files</Filter>
    </ClInclude>
    <ClInclude Include="testers\padding.h">
      <Filter>Header Files</Filter>
    </ClInclude>
    <ClInclude Include="testers\pooling.h">
      <Filter>Header Files</Filter>
    </ClInclude>
    <ClInclude Include="testers\relu.h">
      <Filter>Header Files</Filter>
    </ClInclude>
    <ClInclude Include="testers\softmax.h">
      <Filter>Header Files</Filter>
    </ClInclude>
    <ClInclude Include="testers\winograd.h">
      <Filter>Header Files</Filter>
    </ClInclude>
    <ClInclude Include="AlignedAllocator.h">
      <Filter>Header Files</Filter>
    </ClInclude>
    <ClInclude Include="fft-samples.h">
      <Filter>Header Files</Filter>
    </ClInclude>
  </ItemGroup>
  <ItemGroup>
    <ClCompile Include="fourier\x86_64-avx2.cc">
      <Filter>Source Files</Filter>
    </ClCompile>
    <ClCompile Include="stdafx.cpp">
      <Filter>Source Files</Filter>
    </ClCompile>
  </ItemGroup>
  <ItemGroup>
    <Object Include="..\src\x86_64-fma\2d-fourier-8x8.obj">
      <Filter>Objects</Filter>
    </Object>
    <Object Include="..\src\x86_64-fma\2d-fourier-16x16.obj">
      <Filter>Objects</Filter>
    </Object>
    <Object Include="..\src\x86_64-fma\2d-winograd-8x8-3x3.obj">
      <Filter>Objects</Filter>
    </Object>
    <Object Include="..\src\x86_64-fma\blas\avx2.obj">
      <Filter>Objects</Filter>
    </Object>
    <Object Include="..\src\x86_64-fma\block8x8.obj">
      <Filter>Objects</Filter>
    </Object>
    <Object Include="..\src\x86_64-fma\blas\c8gemm.obj">
      <Filter>Objects</Filter>
    </Object>
    <Object Include="..\src\x86_64-fma\blas\conv1x1.obj">
      <Filter>Objects</Filter>
    </Object>
    <Object Include="..\src\x86_64-fma\vecmath\exp.obj">
      <Filter>Objects</Filter>
    </Object>
    <Object Include="..\src\x86_64-fma\fft16x16.obj">
      <Filter>Objects</Filter>
    </Object>
    <Object Include="..\src\x86_64-fma\fft-aos.obj">
      <Filter>Objects</Filter>
    </Object>
    <Object Include="..\src\x86_64-fma\fft-dualreal.obj">
      <Filter>Objects</Filter>
    </Object>
    <Object Include="..\src\x86_64-fma\fft-real.obj">
      <Filter>Objects</Filter>
    </Object>
    <Object Include="..\src\x86_64-fma\fft-soa.obj">
      <Filter>Objects</Filter>
    </Object>
    <Object Include="..\src\x86_64-fma\ifft-dualreal.obj">
      <Filter>Objects</Filter>
    </Object>
    <Object Include="..\src\x86_64-fma\ifft-real.obj">
      <Filter>Objects</Filter>
    </Object>
    <Object Include="..\src\x86_64-fma\max-pooling.obj">
      <Filter>Objects</Filter>
    </Object>
    <Object Include="..\src\x86_64-fma\winograd\o6x6k3x3.obj">
      <Filter>Objects</Filter>
    </Object>
    <Object Include="..\src\x86_64-fma\relu.obj">
      <Filter>Objects</Filter>
    </Object>
    <Object Include="..\src\x86_64-fma\blas\s4c6gemm.obj">
      <Filter>Objects</Filter>
    </Object>
    <Object Include="..\src\x86_64-fma\blas\s8gemm.obj">
      <Filter>Objects</Filter>
    </Object>
    <Object Include="..\src\x86_64-fma\blas\sdotxf.obj">
      <Filter>Objects</Filter>
    </Object>
    <Object Include="..\src\x86_64-fma\blas\sgemm.obj">
      <Filter>Objects</Filter>
    </Object>
    <Object Include="..\src\x86_64-fma\blas\shdotxf.obj">
      <Filter>Objects</Filter>
    </Object>
    <Object Include="..\src\x86_64-fma\softmax.obj">
      <Filter>Objects</Filter>
    </Object>
    <Object Include="..\src\x86_64-fma\winograd-f6k3.obj">
      <Filter>Objects</Filter>
    </Object>
    <Object Include="..\src\x86_64-fma\common.obj">
      <Filter>Objects</Filter>
    </Object>
    <Object Include="..\src\x86_64-fma\fft\complex_soa.obj">
      <Filter>Objects</Filter>
    </Object>
    <Object Include="..\src\x86_64-fma\fft\complex_soa_perm_to_real.obj">
      <Filter>Objects</Filter>
    </Object>
    <Object Include="..\src\x86_64-fma\fft\real_to_complex_soa_perm.obj">
      <Filter>Objects</Filter>
    </Object>
    <Object Include="..\src\x86_64-fma\fft\two_complex_soa_perm_to_two_real_planar.obj">
      <Filter>Objects</Filter>
    </Object>
    <Object Include="..\src\x86_64-fma\fft\two_real_to_two_complex_soa_perm_planar.obj">
      <Filter>Objects</Filter>
    </Object>
  </ItemGroup>
</Project>