<?xml version="1.0" encoding="utf-8"?>
<Project ToolsVersion="4.0" xmlns="http://schemas.microsoft.com/developer/msbuild/2003">
  <ItemGroup>
    <Filter Include="Source Files">
      <UniqueIdentifier>{4FC737F1-C7A5-4376-A066-2A32D752A2FF}</UniqueIdentifier>
      <Extensions>cpp;c;cc;cxx;def;odl;idl;hpj;bat;asm;asmx</Extensions>
    </Filter>
    <Filter Include="Header Files">
      <UniqueIdentifier>{93995380-89BD-4b04-88EB-625FBE52EBFB}</UniqueIdentifier>
      <Extensions>h;hh;hpp;hxx;hm;inl;inc;xsd</Extensions>
    </Filter>
    <Filter Include="Resource Files">
      <UniqueIdentifier>{67DA6AB6-F800-4c08-8B7A-83BB121AAD01}</UniqueIdentifier>
      <Extensions>rc;ico;cur;bmp;dlg;rc2;rct;bin;rgs;gif;jpg;jpeg;jpe;resx;tiff;tif;png;wav;mfcribbon-ms</Extensions>
    </Filter>
    <Filter Include="Reference">
      <UniqueIdentifier>{d3884015-d0af-4f5d-9574-bd74ba49b2cf}</UniqueIdentifier>
    </Filter>
  </ItemGroup>
  <ItemGroup>
    <ClCompile Include="src\convolution-inference.cpp">
      <Filter>Source Files</Filter>
    </ClCompile>
    <ClCompile Include="src\convolution-input-gradient.cpp">
      <Filter>Source Files</Filter>
    </ClCompile>
    <ClCompile Include="src\convolution-kernel-gradient.cpp">
      <Filter>Source Files</Filter>
    </ClCompile>
    <ClCompile Include="src\convolution-output.cpp">
      <Filter>Source Files</Filter>
    </ClCompile>
    <ClCompile Include="src\fully-connected-inference.cpp">
      <Filter>Source Files</Filter>
    </ClCompile>
    <ClCompile Include="src\fully-connected-output.cpp">
      <Filter>Source Files</Filter>
    </ClCompile>
    <ClCompile Include="src\init.cpp">
      <Filter>Source Files</Filter>
    </ClCompile>
    <ClCompile Include="src\pooling-output.cpp">
      <Filter>Source Files</Filter>
    </ClCompile>
    <ClCompile Include="src\pthreadpool.cpp">
      <Filter>Source Files</Filter>
    </ClCompile>
    <ClCompile Include="src\relu-input-gradient.cpp">
      <Filter>Source Files</Filter>
    </ClCompile>
    <ClCompile Include="src\relu-output.cpp">
      <Filter>Source Files</Filter>
    </ClCompile>
    <ClCompile Include="src\softmax.cpp">
      <Filter>Source Files</Filter>
    </ClCompile>
    <ClCompile Include="src\softmax-output.cpp">
      <Filter>Source Files</Filter>
    </ClCompile>
    <ClCompile Include="src\stdafx.cpp">
      <Filter>Source Files</Filter>
    </ClCompile>
    <ClCompile Include="src\ref\convolution-input-gradient-ref.cpp">
      <Filter>Reference</Filter>
    </ClCompile>
    <ClCompile Include="src\ref\convolution-kernel-gradient-ref.cpp">
      <Filter>Reference</Filter>
    </ClCompile>
    <ClCompile Include="src\ref\convolution-output-ref.cpp">
      <Filter>Reference</Filter>
    </ClCompile>
    <ClCompile Include="src\ref\fully-connected-output-ref.cpp">
      <Filter>Reference</Filter>
    </ClCompile>
    <ClCompile Include="src\ref\max-pooling-output-ref.cpp">
      <Filter>Reference</Filter>
    </ClCompile>
    <ClCompile Include="src\ref\relu-input-gradient-ref.cpp">
      <Filter>Reference</Filter>
    </ClCompile>
    <ClCompile Include="src\ref\relu-output-ref.cpp">
      <Filter>Reference</Filter>
    </ClCompile>
    <ClCompile Include="src\ref\softmax-output-ref.cpp">
      <Filter>Reference</Filter>
    </ClCompile>
  </ItemGroup>
  <ItemGroup>
    <ClInclude Include="include\activations.h">
      <Filter>Header Files</Filter>
    </ClInclude>
    <ClInclude Include="include\blas.h">
      <Filter>Header Files</Filter>
    </ClInclude>
    <ClInclude Include="include\complex.h">
      <Filter>Header Files</Filter>
    </ClInclude>
    <ClInclude Include="include\fft.h">
      <Filter>Header Files</Filter>
    </ClInclude>
    <ClInclude Include="include\fft-constants.h">
      <Filter>Header Files</Filter>
    </ClInclude>
    <ClInclude Include="include\fxdiv.h">
      <Filter>Header Files</Filter>
    </ClInclude>
    <ClInclude Include="include\hwinfo.h">
      <Filter>Header Files</Filter>
    </ClInclude>
    <ClInclude Include="include\macros.h">
      <Filter>Header Files</Filter>
    </ClInclude>
    <ClInclude Include="include\nnpack.h">
      <Filter>Header Files</Filter>
    </ClInclude>
    <ClInclude Include="include\pooling.h">
      <Filter>Header Files</Filter>
    </ClInclude>
    <ClInclude Include="include\pthreadpool.h">
      <Filter>Header Files</Filter>
    </ClInclude>
    <ClInclude Include="include\relu.h">
      <Filter>Header Files</Filter>
    </ClInclude>
    <ClInclude Include="include\softmax.h">
      <Filter>Header Files</Filter>
    </ClInclude>
    <ClInclude Include="include\stdafx.h">
      <Filter>Header Files</Filter>
    </ClInclude>
    <ClInclude Include="include\targetver.h">
      <Filter>Header Files</Filter>
    </ClInclude>
    <ClInclude Include="include\transform.h">
      <Filter>Header Files</Filter>
    </ClInclude>
    <ClInclude Include="include\utils.h">
      <Filter>Header Files</Filter>
    </ClInclude>
    <ClInclude Include="include\validation.h">
      <Filter>Header Files</Filter>
    </ClInclude>
    <ClInclude Include="include\winograd.h">
      <Filter>Header Files</Filter>
    </ClInclude>
    <ClInclude Include="include\reference.h">
      <Filter>Header Files</Filter>
    </ClInclude>
  </ItemGroup>
  <ItemGroup>
    <None Include="README.md" />
  </ItemGroup>
</Project>