<?xml version="1.0" encoding="utf-8"?>
<Project ToolsVersion="4.0" xmlns="http://schemas.microsoft.com/developer/msbuild/2003">
  <ItemGroup>
    <Filter Include="Source Files">
      <UniqueIdentifier>{4FC737F1-C7A5-4376-A066-2A32D752A2FF}</UniqueIdentifier>
      <Extensions>cpp;c;cc;cxx;def;odl;idl;hpj;bat;asm;asmx</Extensions>
    </Filter>
    <Filter Include="Header Files">
      <UniqueIdentifier>{93995380-89BD-4b04-88EB-625FBE52EBFB}</UniqueIdentifier>
      <Extensions>h;hh;hpp;hxx;hm;inl;inc;xsd</Extensions>
    </Filter>
    <Filter Include="Resource Files">
      <UniqueIdentifier>{67DA6AB6-F800-4c08-8B7A-83BB121AAD01}</UniqueIdentifier>
      <Extensions>rc;ico;cur;bmp;dlg;rc2;rct;bin;rgs;gif;jpg;jpeg;jpe;resx;tiff;tif;png;wav;mfcribbon-ms</Extensions>
    </Filter>
    <Filter Include="Source Files\Reference">
      <UniqueIdentifier>{d3884015-d0af-4f5d-9574-bd74ba49b2cf}</UniqueIdentifier>
    </Filter>
    <Filter Include="Source Files\Reference\fft">
      <UniqueIdentifier>{33f47aaf-093d-44be-b48d-ec1cf921bafb}</UniqueIdentifier>
    </Filter>
    <Filter Include="x86_64-fma">
      <UniqueIdentifier>{475822c6-7f05-49d9-9bc7-463cfc99e657}</UniqueIdentifier>
    </Filter>
    <Filter Include="x86_64-fma\blas">
      <UniqueIdentifier>{4ed6e51c-3e62-4462-92ac-72eeabc19568}</UniqueIdentifier>
    </Filter>
    <Filter Include="x86_64-fma\fft">
      <UniqueIdentifier>{cbb45e2e-91a7-478f-ab81-2a0417c7c13a}</UniqueIdentifier>
    </Filter>
    <Filter Include="x86_64-fma\vecmath">
      <UniqueIdentifier>{d2c83091-d881-470d-9087-4628f0d8b5f0}</UniqueIdentifier>
    </Filter>
    <Filter Include="x86_64-fma\winograd">
      <UniqueIdentifier>{93a9c717-6bb7-4fbc-aa53-830bf5490562}</UniqueIdentifier>
    </Filter>
  </ItemGroup>
  <ItemGroup>
    <ClCompile Include="src\convolution-inference.cpp">
      <Filter>Source Files</Filter>
    </ClCompile>
    <ClCompile Include="src\convolution-input-gradient.cpp">
      <Filter>Source Files</Filter>
    </ClCompile>
    <ClCompile Include="src\convolution-kernel-gradient.cpp">
      <Filter>Source Files</Filter>
    </ClCompile>
    <ClCompile Include="src\convolution-output.cpp">
      <Filter>Source Files</Filter>
    </ClCompile>
    <ClCompile Include="src\fully-connected-inference.cpp">
      <Filter>Source Files</Filter>
    </ClCompile>
    <ClCompile Include="src\fully-connected-output.cpp">
      <Filter>Source Files</Filter>
    </ClCompile>
    <ClCompile Include="src\init.cpp">
      <Filter>Source Files</Filter>
    </ClCompile>
    <ClCompile Include="src\pooling-output.cpp">
      <Filter>Source Files</Filter>
    </ClCompile>
    <ClCompile Include="src\pthreadpool.cpp">
      <Filter>Source Files</Filter>
    </ClCompile>
    <ClCompile Include="src\relu-input-gradient.cpp">
      <Filter>Source Files</Filter>
    </ClCompile>
    <ClCompile Include="src\relu-output.cpp">
      <Filter>Source Files</Filter>
    </ClCompile>
    <ClCompile Include="src\softmax-output.cpp">
      <Filter>Source Files</Filter>
    </ClCompile>
    <ClCompile Include="src\stdafx.cpp">
      <Filter>Source Files</Filter>
    </ClCompile>
    <ClCompile Include="src\ref\convolution-input-gradient-ref.cpp">
      <Filter>Source Files\Reference</Filter>
    </ClCompile>
    <ClCompile Include="src\ref\convolution-kernel-gradient-ref.cpp">
      <Filter>Source Files\Reference</Filter>
    </ClCompile>
    <ClCompile Include="src\ref\convolution-output-ref.cpp">
      <Filter>Source Files\Reference</Filter>
    </ClCompile>
    <ClCompile Include="src\ref\fully-connected-output-ref.cpp">
      <Filter>Source Files\Reference</Filter>
    </ClCompile>
    <ClCompile Include="src\ref\max-pooling-output-ref.cpp">
      <Filter>Source Files\Reference</Filter>
    </ClCompile>
    <ClCompile Include="src\ref\relu-input-gradient-ref.cpp">
      <Filter>Source Files\Reference</Filter>
    </ClCompile>
    <ClCompile Include="src\ref\relu-output-ref.cpp">
      <Filter>Source Files\Reference</Filter>
    </ClCompile>
    <ClCompile Include="src\ref\softmax-output-ref.cpp">
      <Filter>Source Files\Reference</Filter>
    </ClCompile>
    <ClCompile Include="src\ref\fft\aos.cpp">
      <Filter>Source Files\Reference\fft</Filter>
    </ClCompile>
    <ClCompile Include="src\ref\fft\forward-dualreal.cpp">
      <Filter>Source Files\Reference\fft</Filter>
    </ClCompile>
    <ClCompile Include="src\ref\fft\forward-real.cpp">
      <Filter>Source Files\Reference\fft</Filter>
    </ClCompile>
    <ClCompile Include="src\ref\fft\inverse-dualreal.cpp">
      <Filter>Source Files\Reference\fft</Filter>
    </ClCompile>
    <ClCompile Include="src\ref\fft\inverse-real.cpp">
      <Filter>Source Files\Reference\fft</Filter>
    </ClCompile>
    <ClCompile Include="src\ref\fft\soa.cpp">
      <Filter>Source Files\Reference\fft</Filter>
    </ClCompile>
    <ClCompile Include="src\x86_64-fma\softmax.cpp">
      <Filter>Source Files</Filter>
    </ClCompile>
    <ClCompile Include="src\x86_64-fma\exp.cpp">
      <Filter>Source Files</Filter>
    </ClCompile>
  </ItemGroup>
  <ItemGroup>
    <ClInclude Include="include\activations.h">
      <Filter>Header Files</Filter>
    </ClInclude>
    <ClInclude Include="include\blas.h">
      <Filter>Header Files</Filter>
    </ClInclude>
    <ClInclude Include="include\fft.h">
      <Filter>Header Files</Filter>
    </ClInclude>
    <ClInclude Include="include\fft-constants.h">
      <Filter>Header Files</Filter>
    </ClInclude>
    <ClInclude Include="include\fxdiv.h">
      <Filter>Header Files</Filter>
    </ClInclude>
    <ClInclude Include="include\hwinfo.h">
      <Filter>Header Files</Filter>
    </ClInclude>
    <ClInclude Include="include\macros.h">
      <Filter>Header Files</Filter>
    </ClInclude>
    <ClInclude Include="include\nnpack.h">
      <Filter>Header Files</Filter>
    </ClInclude>
    <ClInclude Include="include\pooling.h">
      <Filter>Header Files</Filter>
    </ClInclude>
    <ClInclude Include="include\pthreadpool.h">
      <Filter>Header Files</Filter>
    </ClInclude>
    <ClInclude Include="include\relu.h">
      <Filter>Header Files</Filter>
    </ClInclude>
    <ClInclude Include="include\softmax.h">
      <Filter>Header Files</Filter>
    </ClInclude>
    <ClInclude Include="include\stdafx.h">
      <Filter>Header Files</Filter>
    </ClInclude>
    <ClInclude Include="include\targetver.h">
      <Filter>Header Files</Filter>
    </ClInclude>
    <ClInclude Include="include\transform.h">
      <Filter>Header Files</Filter>
    </ClInclude>
    <ClInclude Include="include\utils.h">
      <Filter>Header Files</Filter>
    </ClInclude>
    <ClInclude Include="include\validation.h">
      <Filter>Header Files</Filter>
    </ClInclude>
    <ClInclude Include="include\winograd.h">
      <Filter>Header Files</Filter>
    </ClInclude>
    <ClInclude Include="include\reference.h">
      <Filter>Header Files</Filter>
    </ClInclude>
    <ClInclude Include="include\complex-base.h">
      <Filter>Header Files</Filter>
    </ClInclude>
    <ClInclude Include="include\complex-ref.h">
      <Filter>Header Files</Filter>
    </ClInclude>
  </ItemGroup>
  <ItemGroup>
    <None Include="README.md" />
    <None Include="src\x86_64-fma\2d-fourier-8x8.py">
      <Filter>x86_64-fma</Filter>
    </None>
    <None Include="src\x86_64-fma\2d-fourier-16x16.py">
      <Filter>x86_64-fma</Filter>
    </None>
    <None Include="src\x86_64-fma\2d-winograd-8x8-3x3.py">
      <Filter>x86_64-fma</Filter>
    </None>
    <None Include="src\x86_64-fma\block8x8.py">
      <Filter>x86_64-fma</Filter>
    </None>
    <None Include="src\x86_64-fma\common.py">
      <Filter>x86_64-fma</Filter>
    </None>
    <None Include="src\x86_64-fma\fft16x16.py">
      <Filter>x86_64-fma</Filter>
    </None>
    <None Include="src\x86_64-fma\fft-aos.py">
      <Filter>x86_64-fma</Filter>
    </None>
    <None Include="src\x86_64-fma\fft-dualreal.py">
      <Filter>x86_64-fma</Filter>
    </None>
    <None Include="src\x86_64-fma\fft-real.py">
      <Filter>x86_64-fma</Filter>
    </None>
    <None Include="src\x86_64-fma\fft-soa.py">
      <Filter>x86_64-fma</Filter>
    </None>
    <None Include="src\x86_64-fma\ifft-dualreal.py">
      <Filter>x86_64-fma</Filter>
    </None>
    <None Include="src\x86_64-fma\ifft-real.py">
      <Filter>x86_64-fma</Filter>
    </None>
    <None Include="src\x86_64-fma\max-pooling.py">
      <Filter>x86_64-fma</Filter>
    </None>
    <None Include="src\x86_64-fma\relu.py">
      <Filter>x86_64-fma</Filter>
    </None>
    <None Include="src\x86_64-fma\softmax.py">
      <Filter>x86_64-fma</Filter>
    </None>
    <None Include="src\x86_64-fma\winograd-f6k3.py">
      <Filter>x86_64-fma</Filter>
    </None>
    <None Include="src\x86_64-fma\blas\avx.py">
      <Filter>x86_64-fma\blas</Filter>
    </None>
    <None Include="src\x86_64-fma\blas\avx2.py">
      <Filter>x86_64-fma\blas</Filter>
    </None>
    <None Include="src\x86_64-fma\blas\c8gemm.py">
      <Filter>x86_64-fma\blas</Filter>
    </None>
    <None Include="src\x86_64-fma\blas\conv1x1.py">
      <Filter>x86_64-fma\blas</Filter>
    </None>
    <None Include="src\x86_64-fma\blas\s4c6gemm.py">
      <Filter>x86_64-fma\blas</Filter>
    </None>
    <None Include="src\x86_64-fma\blas\s8gemm.py">
      <Filter>x86_64-fma\blas</Filter>
    </None>
    <None Include="src\x86_64-fma\blas\sdotxf.py">
      <Filter>x86_64-fma\blas</Filter>
    </None>
    <None Include="src\x86_64-fma\blas\sgemm.py">
      <Filter>x86_64-fma\blas</Filter>
    </None>
    <None Include="src\x86_64-fma\blas\shdotxf.py">
      <Filter>x86_64-fma\blas</Filter>
    </None>
    <None Include="src\x86_64-fma\fft\complex_soa.py">
      <Filter>x86_64-fma\fft</Filter>
    </None>
    <None Include="src\x86_64-fma\fft\complex_soa_perm_to_real.py">
      <Filter>x86_64-fma\fft</Filter>
    </None>
    <None Include="src\x86_64-fma\fft\real_to_complex_soa_perm.py">
      <Filter>x86_64-fma\fft</Filter>
    </None>
    <None Include="src\x86_64-fma\fft\two_complex_soa_perm_to_two_real_planar.py">
      <Filter>x86_64-fma\fft</Filter>
    </None>
    <None Include="src\x86_64-fma\fft\two_real_to_two_complex_soa_perm_planar.py">
      <Filter>x86_64-fma\fft</Filter>
    </None>
    <None Include="src\x86_64-fma\vecmath\exp.py">
      <Filter>x86_64-fma\vecmath</Filter>
    </None>
    <None Include="src\x86_64-fma\winograd\o6x6k3x3.py">
      <Filter>x86_64-fma\winograd</Filter>
    </None>
  </ItemGroup>
</Project>